
Microsoft Visual Studio Solution File, Format Version 12.00
# Visual Studio Version 16
VisualStudioVersion = 16.0.30907.101
MinimumVisualStudioVersion = 10.0.40219.1
Project("{FAE04EC0-301F-11D3-BF4B-00C04F79EFBC}") = "CSM.WebApi", "CSM.WebApi\CSM.WebApi.csproj", "{49743188-3660-429C-88F2-7742B7EF2C71}"
EndProject
Project("{FAE04EC0-301F-11D3-BF4B-00C04F79EFBC}") = "CSM.BAL", "CSM.BAL\CSM.BAL.csproj", "{73D35FA9-3E6B-416F-9E27-D4BD02270878}"
EndProject
Project("{FAE04EC0-301F-11D3-BF4B-00C04F79EFBC}") = "CSM.DAL", "CSM.DAL\CSM.DAL.csproj", "{36407421-3957-4C5F-BF1C-259C30B6B71C}"
EndProject
Project("{FAE04EC0-301F-11D3-BF4B-00C04F79EFBC}") = "CSM.Models", "CSM.Models\CSM.Models.csproj", "{39CFECFA-E035-43E0-A3EB-5EA7411FF9FA}"
EndProject
Global
	GlobalSection(SolutionConfigurationPlatforms) = preSolution
		Debug|Any CPU = Debug|Any CPU
		Release|Any CPU = Release|Any CPU
	EndGlobalSection
	GlobalSection(ProjectConfigurationPlatforms) = postSolution
		{49743188-3660-429C-88F2-7742B7EF2C71}.Debug|Any CPU.ActiveCfg = Debug|Any CPU
		{49743188-3660-429C-88F2-7742B7EF2C71}.Debug|Any CPU.Build.0 = Debug|Any CPU
		{49743188-3660-429C-88F2-7742B7EF2C71}.Release|Any CPU.ActiveCfg = Release|Any CPU
		{49743188-3660-429C-88F2-7742B7EF2C71}.Release|Any CPU.Build.0 = Release|Any CPU
		{73D35FA9-3E6B-416F-9E27-D4BD02270878}.Debug|Any CPU.ActiveCfg = Debug|Any CPU
		{73D35FA9-3E6B-416F-9E27-D4BD02270878}.Debug|Any CPU.Build.0 = Debug|Any CPU
		{73D35FA9-3E6B-416F-9E27-D4BD02270878}.Release|Any CPU.ActiveCfg = Release|Any CPU
		{73D35FA9-3E6B-416F-9E27-D4BD02270878}.Release|Any CPU.Build.0 = Release|Any CPU
		{36407421-3957-4C5F-BF1C-259C30B6B71C}.Debug|Any CPU.ActiveCfg = Debug|Any CPU
		{36407421-3957-4C5F-BF1C-259C30B6B71C}.Debug|Any CPU.Build.0 = Debug|Any CPU
		{36407421-3957-4C5F-BF1C-259C30B6B71C}.Release|Any CPU.ActiveCfg = Release|Any CPU
		{36407421-3957-4C5F-BF1C-259C30B6B71C}.Release|Any CPU.Build.0 = Release|Any CPU
		{39CFECFA-E035-43E0-A3EB-5EA7411FF9FA}.Debug|Any CPU.ActiveCfg = Debug|Any CPU
		{39CFECFA-E035-43E0-A3EB-5EA7411FF9FA}.Debug|Any CPU.Build.0 = Debug|Any CPU
		{39CFECFA-E035-43E0-A3EB-5EA7411FF9FA}.Release|Any CPU.ActiveCfg = Release|Any CPU
		{39CFECFA-E035-43E0-A3EB-5EA7411FF9FA}.Release|Any CPU.Build.0 = Release|Any CPU
	EndGlobalSection
	GlobalSection(SolutionProperties) = preSolution
		HideSolutionNode = FALSE
	EndGlobalSection
	GlobalSection(ExtensibilityGlobals) = postSolution
		SolutionGuid = {6138AD2C-C277-4813-AEA8-BAF5722C45F3}
	EndGlobalSection
EndGlobal
